
Microsoft Visual Studio Solution File, Format Version 12.00
# Visual Studio 14
VisualStudioVersion = 14.0.25420.1
MinimumVisualStudioVersion = 10.0.40219.1
Project("{FAE04EC0-301F-11D3-BF4B-00C04F79EFBC}") = "Apl.Data", "Apl.Data\Apl.Data.csproj", "{2B89ABC8-A622-44AD-A5D9-63C992600CDA}"
EndProject
Project("{FAE04EC0-301F-11D3-BF4B-00C04F79EFBC}") = "Apl.Business", "Apl.Business\Apl.Business.csproj", "{D8BC646B-AE25-47BC-AB77-4267E9D8338B}"
EndProject
Global
	GlobalSection(SolutionConfigurationPlatforms) = preSolution
		Debug|Any CPU = Debug|Any CPU
		Release|Any CPU = Release|Any CPU
	EndGlobalSection
	GlobalSection(ProjectConfigurationPlatforms) = postSolution
		{2B89ABC8-A622-44AD-A5D9-63C992600CDA}.Debug|Any CPU.ActiveCfg = Debug|Any CPU
		{2B89ABC8-A622-44AD-A5D9-63C992600CDA}.Debug|Any CPU.Build.0 = Debug|Any CPU
		{2B89ABC8-A622-44AD-A5D9-63C992600CDA}.Release|Any CPU.ActiveCfg = Release|Any CPU
		{2B89ABC8-A622-44AD-A5D9-63C992600CDA}.Release|Any CPU.Build.0 = Release|Any CPU
		{D8BC646B-AE25-47BC-AB77-4267E9D8338B}.Debug|Any CPU.ActiveCfg = Debug|Any CPU
		{D8BC646B-AE25-47BC-AB77-4267E9D8338B}.Debug|Any CPU.Build.0 = Debug|Any CPU
		{D8BC646B-AE25-47BC-AB77-4267E9D8338B}.Release|Any CPU.ActiveCfg = Release|Any CPU
		{D8BC646B-AE25-47BC-AB77-4267E9D8338B}.Release|Any CPU.Build.0 = Release|Any CPU
	EndGlobalSection
	GlobalSection(SolutionProperties) = preSolution
		HideSolutionNode = FALSE
	EndGlobalSection
EndGlobal
